// !$*UTF8*$!
{
	archiveVersion = 1;
	classes = {
	};
	objectVersion = 46;
	objects = {

/* Begin PBXBuildFile section */
		D08D388F1D89040D00224A45 /* main.m in Sources */ = {isa = PBXBuildFile; fileRef = D08D388E1D89040D00224A45 /* main.m */; };
		D08D38921D89040D00224A45 /* AppDelegate.m in Sources */ = {isa = PBXBuildFile; fileRef = D08D38911D89040D00224A45 /* AppDelegate.m */; };
		D08D38981D89040D00224A45 /* Main.storyboard in Resources */ = {isa = PBXBuildFile; fileRef = D08D38961D89040D00224A45 /* Main.storyboard */; };
		D08D389A1D89040D00224A45 /* Assets.xcassets in Resources */ = {isa = PBXBuildFile; fileRef = D08D38991D89040D00224A45 /* Assets.xcassets */; };
		D08D38A91D893FA900224A45 /* CurrentLocationViewController.m in Sources */ = {isa = PBXBuildFile; fileRef = D08D38A81D893FA900224A45 /* CurrentLocationViewController.m */; };
		D08D38BF1D8B82D900224A45 /* LocationsViewController.m in Sources */ = {isa = PBXBuildFile; fileRef = D08D38BE1D8B82D900224A45 /* LocationsViewController.m */; };
		D08D38C21D8C080900224A45 /* LocationDetailsViewController.m in Sources */ = {isa = PBXBuildFile; fileRef = D08D38C11D8C080900224A45 /* LocationDetailsViewController.m */; };
		D08D38C51D8CD3D400224A45 /* CategoryPickerViewController.m in Sources */ = {isa = PBXBuildFile; fileRef = D08D38C41D8CD3D400224A45 /* CategoryPickerViewController.m */; };
		D08D38C81D8D024100224A45 /* HudView.m in Sources */ = {isa = PBXBuildFile; fileRef = D08D38C71D8D024100224A45 /* HudView.m */; };
		D08D38CB1D8D0E9900224A45 /* DataModel.xcdatamodeld in Sources */ = {isa = PBXBuildFile; fileRef = D08D38C91D8D0E9900224A45 /* DataModel.xcdatamodeld */; };
		D08D38D01D8D2F4200224A45 /* Location+CoreDataProperties.m in Sources */ = {isa = PBXBuildFile; fileRef = D08D38CD1D8D2F4200224A45 /* Location+CoreDataProperties.m */; };
		D08D38D11D8D2F4200224A45 /* Location.m in Sources */ = {isa = PBXBuildFile; fileRef = D08D38CF1D8D2F4200224A45 /* Location.m */; };
		D08D38D41D8E625300224A45 /* LocationCell.m in Sources */ = {isa = PBXBuildFile; fileRef = D08D38D31D8E625300224A45 /* LocationCell.m */; };
		D08D38D71D8E834A00224A45 /* MapViewController.m in Sources */ = {isa = PBXBuildFile; fileRef = D08D38D61D8E834A00224A45 /* MapViewController.m */; };
		D08D38D91D8E861F00224A45 /* MapKit.framework in Frameworks */ = {isa = PBXBuildFile; fileRef = D08D38D81D8E861F00224A45 /* MapKit.framework */; };
		D08D38E21D8FCE0300224A45 /* UIImage+Resize.m in Sources */ = {isa = PBXBuildFile; fileRef = D08D38E11D8FCE0300224A45 /* UIImage+Resize.m */; };
		D08D38E51D900B8800224A45 /* MyTabBarController.m in Sources */ = {isa = PBXBuildFile; fileRef = D08D38E41D900B8800224A45 /* MyTabBarController.m */; };
		D08D38E81D900D3600224A45 /* MyNavigationController.m in Sources */ = {isa = PBXBuildFile; fileRef = D08D38E71D900D3600224A45 /* MyNavigationController.m */; };
		D08D38EB1D900EE000224A45 /* MyImagePickerController.m in Sources */ = {isa = PBXBuildFile; fileRef = D08D38EA1D900EE000224A45 /* MyImagePickerController.m */; };
		D08D38EE1D9018E900224A45 /* Sound.caf in Resources */ = {isa = PBXBuildFile; fileRef = D08D38ED1D9018E900224A45 /* Sound.caf */; };
/* End PBXBuildFile section */

/* Begin PBXFileReference section */
		D08D388A1D89040D00224A45 /* MyLocations.app */ = {isa = PBXFileReference; explicitFileType = wrapper.application; includeInIndex = 0; path = MyLocations.app; sourceTree = BUILT_PRODUCTS_DIR; };
		D08D388E1D89040D00224A45 /* main.m */ = {isa = PBXFileReference; lastKnownFileType = sourcecode.c.objc; path = main.m; sourceTree = "<group>"; };
		D08D38901D89040D00224A45 /* AppDelegate.h */ = {isa = PBXFileReference; lastKnownFileType = sourcecode.c.h; path = AppDelegate.h; sourceTree = "<group>"; };
		D08D38911D89040D00224A45 /* AppDelegate.m */ = {isa = PBXFileReference; lastKnownFileType = sourcecode.c.objc; path = AppDelegate.m; sourceTree = "<group>"; };
		D08D38971D89040D00224A45 /* Base */ = {isa = PBXFileReference; lastKnownFileType = file.storyboard; name = Base; path = Base.lproj/Main.storyboard; sourceTree = "<group>"; };
		D08D38991D89040D00224A45 /* Assets.xcassets */ = {isa = PBXFileReference; lastKnownFileType = folder.assetcatalog; path = Assets.xcassets; sourceTree = "<group>"; };
		D08D389E1D89040D00224A45 /* Info.plist */ = {isa = PBXFileReference; lastKnownFileType = text.plist.xml; path = Info.plist; sourceTree = "<group>"; };
		D08D38A71D893FA900224A45 /* CurrentLocationViewController.h */ = {isa = PBXFileReference; fileEncoding = 4; lastKnownFileType = sourcecode.c.h; path = CurrentLocationViewController.h; sourceTree = "<group>"; };
		D08D38A81D893FA900224A45 /* CurrentLocationViewController.m */ = {isa = PBXFileReference; fileEncoding = 4; lastKnownFileType = sourcecode.c.objc; path = CurrentLocationViewController.m; sourceTree = "<group>"; };
		D08D38BD1D8B82D900224A45 /* LocationsViewController.h */ = {isa = PBXFileReference; fileEncoding = 4; lastKnownFileType = sourcecode.c.h; path = LocationsViewController.h; sourceTree = "<group>"; };
		D08D38BE1D8B82D900224A45 /* LocationsViewController.m */ = {isa = PBXFileReference; fileEncoding = 4; lastKnownFileType = sourcecode.c.objc; path = LocationsViewController.m; sourceTree = "<group>"; };
		D08D38C01D8C080900224A45 /* LocationDetailsViewController.h */ = {isa = PBXFileReference; fileEncoding = 4; lastKnownFileType = sourcecode.c.h; path = LocationDetailsViewController.h; sourceTree = "<group>"; };
		D08D38C11D8C080900224A45 /* LocationDetailsViewController.m */ = {isa = PBXFileReference; fileEncoding = 4; lastKnownFileType = sourcecode.c.objc; path = LocationDetailsViewController.m; sourceTree = "<group>"; };
		D08D38C31D8CD3D400224A45 /* CategoryPickerViewController.h */ = {isa = PBXFileReference; fileEncoding = 4; lastKnownFileType = sourcecode.c.h; path = CategoryPickerViewController.h; sourceTree = "<group>"; };
		D08D38C41D8CD3D400224A45 /* CategoryPickerViewController.m */ = {isa = PBXFileReference; fileEncoding = 4; lastKnownFileType = sourcecode.c.objc; path = CategoryPickerViewController.m; sourceTree = "<group>"; };
		D08D38C61D8D024100224A45 /* HudView.h */ = {isa = PBXFileReference; fileEncoding = 4; lastKnownFileType = sourcecode.c.h; path = HudView.h; sourceTree = "<group>"; };
		D08D38C71D8D024100224A45 /* HudView.m */ = {isa = PBXFileReference; fileEncoding = 4; lastKnownFileType = sourcecode.c.objc; path = HudView.m; sourceTree = "<group>"; };
		D08D38CA1D8D0E9900224A45 /* DataModel.xcdatamodel */ = {isa = PBXFileReference; lastKnownFileType = wrapper.xcdatamodel; path = DataModel.xcdatamodel; sourceTree = "<group>"; };
		D08D38CC1D8D2F4200224A45 /* Location+CoreDataProperties.h */ = {isa = PBXFileReference; fileEncoding = 4; lastKnownFileType = sourcecode.c.h; path = "Location+CoreDataProperties.h"; sourceTree = "<group>"; };
		D08D38CD1D8D2F4200224A45 /* Location+CoreDataProperties.m */ = {isa = PBXFileReference; fileEncoding = 4; lastKnownFileType = sourcecode.c.objc; path = "Location+CoreDataProperties.m"; sourceTree = "<group>"; };
		D08D38CE1D8D2F4200224A45 /* Location.h */ = {isa = PBXFileReference; fileEncoding = 4; lastKnownFileType = sourcecode.c.h; path = Location.h; sourceTree = "<group>"; };
		D08D38CF1D8D2F4200224A45 /* Location.m */ = {isa = PBXFileReference; fileEncoding = 4; lastKnownFileType = sourcecode.c.objc; path = Location.m; sourceTree = "<group>"; };
		D08D38D21D8E625300224A45 /* LocationCell.h */ = {isa = PBXFileReference; fileEncoding = 4; lastKnownFileType = sourcecode.c.h; path = LocationCell.h; sourceTree = "<group>"; };
		D08D38D31D8E625300224A45 /* LocationCell.m */ = {isa = PBXFileReference; fileEncoding = 4; lastKnownFileType = sourcecode.c.objc; path = LocationCell.m; sourceTree = "<group>"; };
		D08D38D51D8E834A00224A45 /* MapViewController.h */ = {isa = PBXFileReference; fileEncoding = 4; lastKnownFileType = sourcecode.c.h; name = MapViewController.h; path = MyLocations/Locations/MapViewController.h; sourceTree = SOURCE_ROOT; };
		D08D38D61D8E834A00224A45 /* MapViewController.m */ = {isa = PBXFileReference; fileEncoding = 4; lastKnownFileType = sourcecode.c.objc; name = MapViewController.m; path = MyLocations/Locations/MapViewController.m; sourceTree = SOURCE_ROOT; };
		D08D38D81D8E861F00224A45 /* MapKit.framework */ = {isa = PBXFileReference; lastKnownFileType = wrapper.framework; name = MapKit.framework; path = System/Library/Frameworks/MapKit.framework; sourceTree = SDKROOT; };
		D08D38E01D8FCE0300224A45 /* UIImage+Resize.h */ = {isa = PBXFileReference; fileEncoding = 4; lastKnownFileType = sourcecode.c.h; path = "UIImage+Resize.h"; sourceTree = "<group>"; };
		D08D38E11D8FCE0300224A45 /* UIImage+Resize.m */ = {isa = PBXFileReference; fileEncoding = 4; lastKnownFileType = sourcecode.c.objc; path = "UIImage+Resize.m"; sourceTree = "<group>"; };
		D08D38E31D900B8800224A45 /* MyTabBarController.h */ = {isa = PBXFileReference; fileEncoding = 4; lastKnownFileType = sourcecode.c.h; path = MyTabBarController.h; sourceTree = "<group>"; };
		D08D38E41D900B8800224A45 /* MyTabBarController.m */ = {isa = PBXFileReference; fileEncoding = 4; lastKnownFileType = sourcecode.c.objc; path = MyTabBarController.m; sourceTree = "<group>"; };
		D08D38E61D900D3600224A45 /* MyNavigationController.h */ = {isa = PBXFileReference; fileEncoding = 4; lastKnownFileType = sourcecode.c.h; path = MyNavigationController.h; sourceTree = "<group>"; };
		D08D38E71D900D3600224A45 /* MyNavigationController.m */ = {isa = PBXFileReference; fileEncoding = 4; lastKnownFileType = sourcecode.c.objc; path = MyNavigationController.m; sourceTree = "<group>"; };
		D08D38E91D900EE000224A45 /* MyImagePickerController.h */ = {isa = PBXFileReference; fileEncoding = 4; lastKnownFileType = sourcecode.c.h; path = MyImagePickerController.h; sourceTree = "<group>"; };
		D08D38EA1D900EE000224A45 /* MyImagePickerController.m */ = {isa = PBXFileReference; fileEncoding = 4; lastKnownFileType = sourcecode.c.objc; path = MyImagePickerController.m; sourceTree = "<group>"; };
		D08D38ED1D9018E900224A45 /* Sound.caf */ = {isa = PBXFileReference; lastKnownFileType = file; path = Sound.caf; sourceTree = "<group>"; };
/* End PBXFileReference section */

/* Begin PBXFrameworksBuildPhase section */
		D08D38871D89040D00224A45 /* Frameworks */ = {
			isa = PBXFrameworksBuildPhase;
			buildActionMask = 2147483647;
			files = (
				D08D38D91D8E861F00224A45 /* MapKit.framework in Frameworks */,
			);
			runOnlyForDeploymentPostprocessing = 0;
		};
/* End PBXFrameworksBuildPhase section */

/* Begin PBXGroup section */
		D08D38811D89040D00224A45 = {
			isa = PBXGroup;
			children = (
				D08D38D81D8E861F00224A45 /* MapKit.framework */,
				D08D388C1D89040D00224A45 /* MyLocations */,
				D08D388B1D89040D00224A45 /* Products */,
			);
			sourceTree = "<group>";
		};
		D08D388B1D89040D00224A45 /* Products */ = {
			isa = PBXGroup;
			children = (
				D08D388A1D89040D00224A45 /* MyLocations.app */,
			);
			name = Products;
			sourceTree = "<group>";
		};
		D08D388C1D89040D00224A45 /* MyLocations */ = {
			isa = PBXGroup;
			children = (
				D08D38CC1D8D2F4200224A45 /* Location+CoreDataProperties.h */,
				D08D38CD1D8D2F4200224A45 /* Location+CoreDataProperties.m */,
				D08D38CE1D8D2F4200224A45 /* Location.h */,
				D08D38CF1D8D2F4200224A45 /* Location.m */,
				D08D38E31D900B8800224A45 /* MyTabBarController.h */,
				D08D38E41D900B8800224A45 /* MyTabBarController.m */,
				D08D38E61D900D3600224A45 /* MyNavigationController.h */,
				D08D38E71D900D3600224A45 /* MyNavigationController.m */,
				D08D38A41D8904A500224A45 /* Locations */,
				D08D38A51D8904A500224A45 /* Map */,
				D08D38A61D8904A500224A45 /* Tag */,
				D08D38961D89040D00224A45 /* Main.storyboard */,
				D08D38C61D8D024100224A45 /* HudView.h */,
				D08D38C71D8D024100224A45 /* HudView.m */,
				D08D38E01D8FCE0300224A45 /* UIImage+Resize.h */,
				D08D38E11D8FCE0300224A45 /* UIImage+Resize.m */,
				D08D38901D89040D00224A45 /* AppDelegate.h */,
				D08D38911D89040D00224A45 /* AppDelegate.m */,
				D08D38991D89040D00224A45 /* Assets.xcassets */,
				D08D389E1D89040D00224A45 /* Info.plist */,
				D08D38C91D8D0E9900224A45 /* DataModel.xcdatamodeld */,
				D08D38EC1D9018E900224A45 /* Sound */,
				D08D388D1D89040D00224A45 /* Supporting Files */,
			);
			path = MyLocations;
			sourceTree = "<group>";
		};
		D08D388D1D89040D00224A45 /* Supporting Files */ = {
			isa = PBXGroup;
			children = (
				D08D388E1D89040D00224A45 /* main.m */,
			);
			name = "Supporting Files";
			sourceTree = "<group>";
		};
		D08D38A41D8904A500224A45 /* Locations */ = {
			isa = PBXGroup;
			children = (
				D08D38BD1D8B82D900224A45 /* LocationsViewController.h */,
				D08D38BE1D8B82D900224A45 /* LocationsViewController.m */,
				D08D38C01D8C080900224A45 /* LocationDetailsViewController.h */,
				D08D38C11D8C080900224A45 /* LocationDetailsViewController.m */,
				D08D38C31D8CD3D400224A45 /* CategoryPickerViewController.h */,
				D08D38C41D8CD3D400224A45 /* CategoryPickerViewController.m */,
				D08D38D21D8E625300224A45 /* LocationCell.h */,
				D08D38D31D8E625300224A45 /* LocationCell.m */,
				D08D38E91D900EE000224A45 /* MyImagePickerController.h */,
				D08D38EA1D900EE000224A45 /* MyImagePickerController.m */,
			);
			path = Locations;
			sourceTree = "<group>";
		};
		D08D38A51D8904A500224A45 /* Map */ = {
			isa = PBXGroup;
			children = (
				D08D38D51D8E834A00224A45 /* MapViewController.h */,
				D08D38D61D8E834A00224A45 /* MapViewController.m */,
			);
			path = Map;
			sourceTree = "<group>";
		};
		D08D38A61D8904A500224A45 /* Tag */ = {
			isa = PBXGroup;
			children = (
				D08D38A71D893FA900224A45 /* CurrentLocationViewController.h */,
				D08D38A81D893FA900224A45 /* CurrentLocationViewController.m */,
			);
			path = Tag;
			sourceTree = "<group>";
		};
		D08D38EC1D9018E900224A45 /* Sound */ = {
			isa = PBXGroup;
			children = (
				D08D38ED1D9018E900224A45 /* Sound.caf */,
			);
			path = Sound;
			sourceTree = "<group>";
		};
/* End PBXGroup section */

/* Begin PBXNativeTarget section */
		D08D38891D89040D00224A45 /* MyLocations */ = {
			isa = PBXNativeTarget;
			buildConfigurationList = D08D38A11D89040D00224A45 /* Build configuration list for PBXNativeTarget "MyLocations" */;
			buildPhases = (
				D08D38861D89040D00224A45 /* Sources */,
				D08D38871D89040D00224A45 /* Frameworks */,
				D08D38881D89040D00224A45 /* Resources */,
			);
			buildRules = (
			);
			dependencies = (
			);
			name = MyLocations;
			productName = MyLocations;
			productReference = D08D388A1D89040D00224A45 /* MyLocations.app */;
			productType = "com.apple.product-type.application";
		};
/* End PBXNativeTarget section */

/* Begin PBXProject section */
		D08D38821D89040D00224A45 /* Project object */ = {
			isa = PBXProject;
			attributes = {
				LastUpgradeCheck = 0730;
				ORGANIZATIONNAME = "huangningfa@163.com";
				TargetAttributes = {
					D08D38891D89040D00224A45 = {
						CreatedOnToolsVersion = 7.3.1;
					};
				};
			};
			buildConfigurationList = D08D38851D89040D00224A45 /* Build configuration list for PBXProject "MyLocations" */;
			compatibilityVersion = "Xcode 3.2";
			developmentRegion = English;
			hasScannedForEncodings = 0;
			knownRegions = (
				en,
				Base,
			);
			mainGroup = D08D38811D89040D00224A45;
			productRefGroup = D08D388B1D89040D00224A45 /* Products */;
			projectDirPath = "";
			projectRoot = "";
			targets = (
				D08D38891D89040D00224A45 /* MyLocations */,
			);
		};
/* End PBXProject section */

/* Begin PBXResourcesBuildPhase section */
		D08D38881D89040D00224A45 /* Resources */ = {
			isa = PBXResourcesBuildPhase;
			buildActionMask = 2147483647;
			files = (
				D08D389A1D89040D00224A45 /* Assets.xcassets in Resources */,
				D08D38981D89040D00224A45 /* Main.storyboard in Resources */,
				D08D38EE1D9018E900224A45 /* Sound.caf in Resources */,
			);
			runOnlyForDeploymentPostprocessing = 0;
		};
/* End PBXResourcesBuildPhase section */

/* Begin PBXSourcesBuildPhase section */
		D08D38861D89040D00224A45 /* Sources */ = {
			isa = PBXSourcesBuildPhase;
			buildActionMask = 2147483647;
			files = (
				D08D38A91D893FA900224A45 /* CurrentLocationViewController.m in Sources */,
				D08D38CB1D8D0E9900224A45 /* DataModel.xcdatamodeld in Sources */,
				D08D38921D89040D00224A45 /* AppDelegate.m in Sources */,
				D08D38D71D8E834A00224A45 /* MapViewController.m in Sources */,
				D08D38D01D8D2F4200224A45 /* Location+CoreDataProperties.m in Sources */,
				D08D38E51D900B8800224A45 /* MyTabBarController.m in Sources */,
				D08D388F1D89040D00224A45 /* main.m in Sources */,
				D08D38BF1D8B82D900224A45 /* LocationsViewController.m in Sources */,
				D08D38D11D8D2F4200224A45 /* Location.m in Sources */,
				D08D38E81D900D3600224A45 /* MyNavigationController.m in Sources */,
				D08D38C81D8D024100224A45 /* HudView.m in Sources */,
				D08D38C51D8CD3D400224A45 /* CategoryPickerViewController.m in Sources */,
				D08D38E21D8FCE0300224A45 /* UIImage+Resize.m in Sources */,
				D08D38D41D8E625300224A45 /* LocationCell.m in Sources */,
				D08D38C21D8C080900224A45 /* LocationDetailsViewController.m in Sources */,
				D08D38EB1D900EE000224A45 /* MyImagePickerController.m in Sources */,
			);
			runOnlyForDeploymentPostprocessing = 0;
		};
/* End PBXSourcesBuildPhase section */

/* Begin PBXVariantGroup section */
		D08D38961D89040D00224A45 /* Main.storyboard */ = {
			isa = PBXVariantGroup;
			children = (
				D08D38971D89040D00224A45 /* Base */,
			);
			name = Main.storyboard;
			sourceTree = "<group>";
		};
/* End PBXVariantGroup section */

/* Begin XCBuildConfiguration section */
		D08D389F1D89040D00224A45 /* Debug */ = {
			isa = XCBuildConfiguration;
			buildSettings = {
				ALWAYS_SEARCH_USER_PATHS = NO;
				CLANG_ANALYZER_NONNULL = YES;
				CLANG_CXX_LANGUAGE_STANDARD = "gnu++0x";
				CLANG_CXX_LIBRARY = "libc++";
				CLANG_ENABLE_MODULES = YES;
				CLANG_ENABLE_OBJC_ARC = YES;
				CLANG_WARN_BOOL_CONVERSION = YES;
				CLANG_WARN_CONSTANT_CONVERSION = YES;
				CLANG_WARN_DIRECT_OBJC_ISA_USAGE = YES_ERROR;
				CLANG_WARN_EMPTY_BODY = YES;
				CLANG_WARN_ENUM_CONVERSION = YES;
				CLANG_WARN_INT_CONVERSION = YES;
				CLANG_WARN_OBJC_ROOT_CLASS = YES_ERROR;
				CLANG_WARN_UNREACHABLE_CODE = YES;
				CLANG_WARN__DUPLICATE_METHOD_MATCH = YES;
				"CODE_SIGN_IDENTITY[sdk=iphoneos*]" = "iPhone Developer";
				COPY_PHASE_STRIP = NO;
				DEBUG_INFORMATION_FORMAT = dwarf;
				ENABLE_STRICT_OBJC_MSGSEND = YES;
				ENABLE_TESTABILITY = YES;
				GCC_C_LANGUAGE_STANDARD = gnu99;
				GCC_DYNAMIC_NO_PIC = NO;
				GCC_NO_COMMON_BLOCKS = YES;
				GCC_OPTIMIZATION_LEVEL = 0;
				GCC_PREPROCESSOR_DEFINITIONS = (
					"DEBUG=1",
					"$(inherited)",
				);
				GCC_WARN_64_TO_32_BIT_CONVERSION = YES;
				GCC_WARN_ABOUT_RETURN_TYPE = YES_ERROR;
				GCC_WARN_UNDECLARED_SELECTOR = YES;
				GCC_WARN_UNINITIALIZED_AUTOS = YES_AGGRESSIVE;
				GCC_WARN_UNUSED_FUNCTION = YES;
				GCC_WARN_UNUSED_VARIABLE = YES;
				IPHONEOS_DEPLOYMENT_TARGET = 9.3;
				MTL_ENABLE_DEBUG_INFO = YES;
				ONLY_ACTIVE_ARCH = YES;
				SDKROOT = iphoneos;
			};
			name = Debug;
		};
		D08D38A01D89040D00224A45 /* Release */ = {
			isa = XCBuildConfiguration;
			buildSettings = {
				ALWAYS_SEARCH_USER_PATHS = NO;
				CLANG_ANALYZER_NONNULL = YES;
				CLANG_CXX_LANGUAGE_STANDARD = "gnu++0x";
				CLANG_CXX_LIBRARY = "libc++";
				CLANG_ENABLE_MODULES = YES;
				CLANG_ENABLE_OBJC_ARC = YES;
				CLANG_WARN_BOOL_CONVERSION = YES;
				CLANG_WARN_CONSTANT_CONVERSION = YES;
				CLANG_WARN_DIRECT_OBJC_ISA_USAGE = YES_ERROR;
				CLANG_WARN_EMPTY_BODY = YES;
				CLANG_WARN_ENUM_CONVERSION = YES;
				CLANG_WARN_INT_CONVERSION = YES;
				CLANG_WARN_OBJC_ROOT_CLASS = YES_ERROR;
				CLANG_WARN_UNREACHABLE_CODE = YES;
				CLANG_WARN__DUPLICATE_METHOD_MATCH = YES;
				"CODE_SIGN_IDENTITY[sdk=iphoneos*]" = "iPhone Developer";
				COPY_PHASE_STRIP = NO;
				DEBUG_INFORMATION_FORMAT = "dwarf-with-dsym";
				ENABLE_NS_ASSERTIONS = NO;
				ENABLE_STRICT_OBJC_MSGSEND = YES;
				GCC_C_LANGUAGE_STANDARD = gnu99;
				GCC_NO_COMMON_BLOCKS = YES;
				GCC_WARN_64_TO_32_BIT_CONVERSION = YES;
				GCC_WARN_ABOUT_RETURN_TYPE = YES_ERROR;
				GCC_WARN_UNDECLARED_SELECTOR = YES;
				GCC_WARN_UNINITIALIZED_AUTOS = YES_AGGRESSIVE;
				GCC_WARN_UNUSED_FUNCTION = YES;
				GCC_WARN_UNUSED_VARIABLE = YES;
				IPHONEOS_DEPLOYMENT_TARGET = 9.3;
				MTL_ENABLE_DEBUG_INFO = NO;
				SDKROOT = iphoneos;
				VALIDATE_PRODUCT = YES;
			};
			name = Release;
		};
		D08D38A21D89040D00224A45 /* Debug */ = {
			isa = XCBuildConfiguration;
			buildSettings = {
				ASSETCATALOG_COMPILER_APPICON_NAME = AppIcon;
				ASSETCATALOG_COMPILER_LAUNCHIMAGE_NAME = "Brand Assets";
				INFOPLIST_FILE = MyLocations/Info.plist;
				LD_RUNPATH_SEARCH_PATHS = "$(inherited) @executable_path/Frameworks";
				PRODUCT_BUNDLE_IDENTIFIER = com.huangningfa.MyLocations;
				PRODUCT_NAME = "$(TARGET_NAME)";
			};
			name = Debug;
		};
		D08D38A31D89040D00224A45 /* Release */ = {
			isa = XCBuildConfiguration;
			buildSettings = {
				ASSETCATALOG_COMPILER_APPICON_NAME = AppIcon;
				ASSETCATALOG_COMPILER_LAUNCHIMAGE_NAME = "Brand Assets";
				INFOPLIST_FILE = MyLocations/Info.plist;
				LD_RUNPATH_SEARCH_PATHS = "$(inherited) @executable_path/Frameworks";
				PRODUCT_BUNDLE_IDENTIFIER = com.huangningfa.MyLocations;
				PRODUCT_NAME = "$(TARGET_NAME)";
			};
			name = Release;
		};
/* End XCBuildConfiguration section */

/* Begin XCConfigurationList section */
		D08D38851D89040D00224A45 /* Build configuration list for PBXProject "MyLocations" */ = {
			isa = XCConfigurationList;
			buildConfigurations = (
				D08D389F1D89040D00224A45 /* Debug */,
				D08D38A01D89040D00224A45 /* Release */,
			);
			defaultConfigurationIsVisible = 0;
			defaultConfigurationName = Release;
		};
		D08D38A11D89040D00224A45 /* Build configuration list for PBXNativeTarget "MyLocations" */ = {
			isa = XCConfigurationList;
			buildConfigurations = (
				D08D38A21D89040D00224A45 /* Debug */,
				D08D38A31D89040D00224A45 /* Release */,
			);
			defaultConfigurationIsVisible = 0;
		};
/* End XCConfigurationList section */

/* Begin XCVersionGroup section */
		D08D38C91D8D0E9900224A45 /* DataModel.xcdatamodeld */ = {
			isa = XCVersionGroup;
			children = (
				D08D38CA1D8D0E9900224A45 /* DataModel.xcdatamodel */,
			);
			currentVersion = D08D38CA1D8D0E9900224A45 /* DataModel.xcdatamodel */;
			path = DataModel.xcdatamodeld;
			sourceTree = "<group>";
			versionGroupType = wrapper.xcdatamodel;
		};
/* End XCVersionGroup section */
	};
	rootObject = D08D38821D89040D00224A45 /* Project object */;
}
